
Microsoft Visual Studio Solution File, Format Version 12.00
# Visual Studio Version 18
VisualStudioVersion = 18.3.11505.172 d18.3
MinimumVisualStudioVersion = 10.0.40219.1
Project("{FAE04EC0-301F-11D3-BF4B-00C04F79EFBC}") = "Word", "Word\Word.csproj", "{A9990840-E330-401E-A30A-9F70606D846B}"
EndProject
Project("{FAE04EC0-301F-11D3-BF4B-00C04F79EFBC}") = "PowerPoint", "PPTX\PowerPoint.csproj", "{7F29D663-F683-4AE8-A063-5D6C46576CB1}"
EndProject
Project("{FAE04EC0-301F-11D3-BF4B-00C04F79EFBC}") = "VideoConverter", "VideoConverter\VideoConverter.csproj", "{6BB7052E-0F09-4AA6-9D1D-F6C700DE5835}"
EndProject
Global
	GlobalSection(SolutionConfigurationPlatforms) = preSolution
		Debug|Any CPU = Debug|Any CPU
		Debug|x64 = Debug|x64
		Release|Any CPU = Release|Any CPU
		Release|x64 = Release|x64
	EndGlobalSection
	GlobalSection(ProjectConfigurationPlatforms) = postSolution
		{A9990840-E330-401E-A30A-9F70606D846B}.Debug|Any CPU.ActiveCfg = Debug|Any CPU
		{A9990840-E330-401E-A30A-9F70606D846B}.Debug|Any CPU.Build.0 = Debug|Any CPU
		{A9990840-E330-401E-A30A-9F70606D846B}.Debug|x64.ActiveCfg = Debug|x64
		{A9990840-E330-401E-A30A-9F70606D846B}.Debug|x64.Build.0 = Debug|x64
		{A9990840-E330-401E-A30A-9F70606D846B}.Release|Any CPU.ActiveCfg = Release|Any CPU
		{A9990840-E330-401E-A30A-9F70606D846B}.Release|Any CPU.Build.0 = Release|Any CPU
		{A9990840-E330-401E-A30A-9F70606D846B}.Release|x64.ActiveCfg = Release|x64
		{A9990840-E330-401E-A30A-9F70606D846B}.Release|x64.Build.0 = Release|x64
		{7F29D663-F683-4AE8-A063-5D6C46576CB1}.Debug|Any CPU.ActiveCfg = Debug|Any CPU
		{7F29D663-F683-4AE8-A063-5D6C46576CB1}.Debug|Any CPU.Build.0 = Debug|Any CPU
		{7F29D663-F683-4AE8-A063-5D6C46576CB1}.Debug|x64.ActiveCfg = Debug|Any CPU
		{7F29D663-F683-4AE8-A063-5D6C46576CB1}.Debug|x64.Build.0 = Debug|Any CPU
		{7F29D663-F683-4AE8-A063-5D6C46576CB1}.Release|Any CPU.ActiveCfg = Release|Any CPU
		{7F29D663-F683-4AE8-A063-5D6C46576CB1}.Release|Any CPU.Build.0 = Release|Any CPU
		{7F29D663-F683-4AE8-A063-5D6C46576CB1}.Release|x64.ActiveCfg = Release|Any CPU
		{7F29D663-F683-4AE8-A063-5D6C46576CB1}.Release|x64.Build.0 = Release|Any CPU
		{6BB7052E-0F09-4AA6-9D1D-F6C700DE5835}.Debug|Any CPU.ActiveCfg = Debug|Any CPU
		{6BB7052E-0F09-4AA6-9D1D-F6C700DE5835}.Debug|Any CPU.Build.0 = Debug|Any CPU
		{6BB7052E-0F09-4AA6-9D1D-F6C700DE5835}.Debug|x64.ActiveCfg = Debug|Any CPU
		{6BB7052E-0F09-4AA6-9D1D-F6C700DE5835}.Debug|x64.Build.0 = Debug|Any CPU
		{6BB7052E-0F09-4AA6-9D1D-F6C700DE5835}.Release|Any CPU.ActiveCfg = Release|Any CPU
		{6BB7052E-0F09-4AA6-9D1D-F6C700DE5835}.Release|Any CPU.Build.0 = Release|Any CPU
		{6BB7052E-0F09-4AA6-9D1D-F6C700DE5835}.Release|x64.ActiveCfg = Release|Any CPU
		{6BB7052E-0F09-4AA6-9D1D-F6C700DE5835}.Release|x64.Build.0 = Release|Any CPU
	EndGlobalSection
	GlobalSection(SolutionProperties) = preSolution
		HideSolutionNode = FALSE
	EndGlobalSection
	GlobalSection(ExtensibilityGlobals) = postSolution
		SolutionGuid = {5596726A-DBE0-4A10-BEAE-5240FB9BA7AB}
	EndGlobalSection
EndGlobal
